
Microsoft Visual Studio Solution File, Format Version 12.00
# Visual Studio Version 16
VisualStudioVersion = 16.0.31729.503
MinimumVisualStudioVersion = 10.0.40219.1
Project("{9A19103F-16F7-4668-BE54-9A1E7A4F7556}") = "OneToMany", "Fluents\OneToMany.csproj", "{16B509B4-20C9-4B1A-B57F-6360228A4E94}"
EndProject
Global
	GlobalSection(SolutionConfigurationPlatforms) = preSolution
		Debug|Any CPU = Debug|Any CPU
		Release|Any CPU = Release|Any CPU
	EndGlobalSection
	GlobalSection(ProjectConfigurationPlatforms) = postSolution
		{16B509B4-20C9-4B1A-B57F-6360228A4E94}.Debug|Any CPU.ActiveCfg = Debug|Any CPU
		{16B509B4-20C9-4B1A-B57F-6360228A4E94}.Debug|Any CPU.Build.0 = Debug|Any CPU
		{16B509B4-20C9-4B1A-B57F-6360228A4E94}.Release|Any CPU.ActiveCfg = Release|Any CPU
		{16B509B4-20C9-4B1A-B57F-6360228A4E94}.Release|Any CPU.Build.0 = Release|Any CPU
	EndGlobalSection
	GlobalSection(SolutionProperties) = preSolution
		HideSolutionNode = FALSE
	EndGlobalSection
	GlobalSection(ExtensibilityGlobals) = postSolution
		SolutionGuid = {F2AC4D16-7C6B-416B-9705-4E82F7CA8DC7}
	EndGlobalSection
EndGlobal
